
Microsoft Visual Studio Solution File, Format Version 12.00
# Visual Studio Version 16
VisualStudioVersion = 16.0.29509.3
MinimumVisualStudioVersion = 15.0.26124.0
Project("{2150E333-8FDC-42A3-9474-1A3956D46DE8}") = "src", "src", "{C1E98AA6-63E3-49C0-A8DA-27A2AD10222B}"
EndProject
Project("{9A19103F-16F7-4668-BE54-9A1E7A4F7556}") = "AuthService.API", "src\AuthService.API\AuthService.API.csproj", "{6B2ADD38-0F51-4E91-81C0-7E57B4223E51}"
EndProject
Project("{9A19103F-16F7-4668-BE54-9A1E7A4F7556}") = "AuthService.Application", "src\AuthService.Application\AuthService.Application.csproj", "{951B8EA5-EBF0-4CE9-A51D-7DEFFB65C3F2}"
EndProject
Project("{9A19103F-16F7-4668-BE54-9A1E7A4F7556}") = "AuthService.Core", "src\AuthService.Core\AuthService.Core.csproj", "{86424973-198A-4158-AB35-31C7925D9B34}"
EndProject
Project("{9A19103F-16F7-4668-BE54-9A1E7A4F7556}") = "AuthService.Infrastructure", "src\AuthService.Infrastructure\AuthService.Infrastructure.csproj", "{D1BDF968-607B-4952-BD14-08CC26D94278}"
EndProject
Project("{2150E333-8FDC-42A3-9474-1A3956D46DE8}") = "tests", "tests", "{5B04C4A2-061E-4418-86B1-0157188D6EAE}"
EndProject
Project("{9A19103F-16F7-4668-BE54-9A1E7A4F7556}") = "AuthService.Tests", "tests\AuthService.Tests\AuthService.Tests.csproj", "{730FB82F-D3FF-4CB8-9E51-2998801FB61E}"
	ProjectSection(ProjectDependencies) = postProject
		{D1BDF968-607B-4952-BD14-08CC26D94278} = {D1BDF968-607B-4952-BD14-08CC26D94278}
		{86424973-198A-4158-AB35-31C7925D9B34} = {86424973-198A-4158-AB35-31C7925D9B34}
		{951B8EA5-EBF0-4CE9-A51D-7DEFFB65C3F2} = {951B8EA5-EBF0-4CE9-A51D-7DEFFB65C3F2}
	EndProjectSection
EndProject
Project("{9A19103F-16F7-4668-BE54-9A1E7A4F7556}") = "AuthService.Tests.EndToEnd", "tests\AuthService.Tests.EndToEnd\AuthService.Tests.EndToEnd.csproj", "{917B4AA3-C3E7-4EEE-B79C-0E1CBFF603A2}"
EndProject
Global
	GlobalSection(SolutionConfigurationPlatforms) = preSolution
		Debug|Any CPU = Debug|Any CPU
		Release|Any CPU = Release|Any CPU
	EndGlobalSection
	GlobalSection(ProjectConfigurationPlatforms) = postSolution
		{6B2ADD38-0F51-4E91-81C0-7E57B4223E51}.Debug|Any CPU.ActiveCfg = Debug|Any CPU
		{6B2ADD38-0F51-4E91-81C0-7E57B4223E51}.Debug|Any CPU.Build.0 = Debug|Any CPU
		{6B2ADD38-0F51-4E91-81C0-7E57B4223E51}.Release|Any CPU.ActiveCfg = Release|Any CPU
		{6B2ADD38-0F51-4E91-81C0-7E57B4223E51}.Release|Any CPU.Build.0 = Release|Any CPU
		{951B8EA5-EBF0-4CE9-A51D-7DEFFB65C3F2}.Debug|Any CPU.ActiveCfg = Debug|Any CPU
		{951B8EA5-EBF0-4CE9-A51D-7DEFFB65C3F2}.Debug|Any CPU.Build.0 = Debug|Any CPU
		{951B8EA5-EBF0-4CE9-A51D-7DEFFB65C3F2}.Release|Any CPU.ActiveCfg = Release|Any CPU
		{951B8EA5-EBF0-4CE9-A51D-7DEFFB65C3F2}.Release|Any CPU.Build.0 = Release|Any CPU
		{86424973-198A-4158-AB35-31C7925D9B34}.Debug|Any CPU.ActiveCfg = Debug|Any CPU
		{86424973-198A-4158-AB35-31C7925D9B34}.Debug|Any CPU.Build.0 = Debug|Any CPU
		{86424973-198A-4158-AB35-31C7925D9B34}.Release|Any CPU.ActiveCfg = Release|Any CPU
		{86424973-198A-4158-AB35-31C7925D9B34}.Release|Any CPU.Build.0 = Release|Any CPU
		{D1BDF968-607B-4952-BD14-08CC26D94278}.Debug|Any CPU.ActiveCfg = Debug|Any CPU
		{D1BDF968-607B-4952-BD14-08CC26D94278}.Debug|Any CPU.Build.0 = Debug|Any CPU
		{D1BDF968-607B-4952-BD14-08CC26D94278}.Release|Any CPU.ActiveCfg = Release|Any CPU
		{D1BDF968-607B-4952-BD14-08CC26D94278}.Release|Any CPU.Build.0 = Release|Any CPU
		{730FB82F-D3FF-4CB8-9E51-2998801FB61E}.Debug|Any CPU.ActiveCfg = Debug|Any CPU
		{730FB82F-D3FF-4CB8-9E51-2998801FB61E}.Debug|Any CPU.Build.0 = Debug|Any CPU
		{730FB82F-D3FF-4CB8-9E51-2998801FB61E}.Release|Any CPU.ActiveCfg = Release|Any CPU
		{730FB82F-D3FF-4CB8-9E51-2998801FB61E}.Release|Any CPU.Build.0 = Release|Any CPU
		{917B4AA3-C3E7-4EEE-B79C-0E1CBFF603A2}.Debug|Any CPU.ActiveCfg = Debug|Any CPU
		{917B4AA3-C3E7-4EEE-B79C-0E1CBFF603A2}.Debug|Any CPU.Build.0 = Debug|Any CPU
		{917B4AA3-C3E7-4EEE-B79C-0E1CBFF603A2}.Release|Any CPU.ActiveCfg = Release|Any CPU
		{917B4AA3-C3E7-4EEE-B79C-0E1CBFF603A2}.Release|Any CPU.Build.0 = Release|Any CPU
	EndGlobalSection
	GlobalSection(SolutionProperties) = preSolution
		HideSolutionNode = FALSE
	EndGlobalSection
	GlobalSection(NestedProjects) = preSolution
		{6B2ADD38-0F51-4E91-81C0-7E57B4223E51} = {C1E98AA6-63E3-49C0-A8DA-27A2AD10222B}
		{951B8EA5-EBF0-4CE9-A51D-7DEFFB65C3F2} = {C1E98AA6-63E3-49C0-A8DA-27A2AD10222B}
		{86424973-198A-4158-AB35-31C7925D9B34} = {C1E98AA6-63E3-49C0-A8DA-27A2AD10222B}
		{D1BDF968-607B-4952-BD14-08CC26D94278} = {C1E98AA6-63E3-49C0-A8DA-27A2AD10222B}
		{730FB82F-D3FF-4CB8-9E51-2998801FB61E} = {5B04C4A2-061E-4418-86B1-0157188D6EAE}
		{917B4AA3-C3E7-4EEE-B79C-0E1CBFF603A2} = {5B04C4A2-061E-4418-86B1-0157188D6EAE}
	EndGlobalSection
	GlobalSection(ExtensibilityGlobals) = postSolution
		SolutionGuid = {3FEA4D1A-3551-4220-961B-3DD0639E1B8C}
	EndGlobalSection
EndGlobal
